
Microsoft Visual Studio Solution File, Format Version 12.00
# Visual Studio Version 16
VisualStudioVersion = 16.0.31605.320
MinimumVisualStudioVersion = 10.0.40219.1
Project("{FAE04EC0-301F-11D3-BF4B-00C04F79EFBC}") = "Aggregator", "Aggregator.csproj", "{64BC1BA8-5D57-4CDE-B957-CA4D29A17610}"
EndProject
Global
	GlobalSection(SolutionConfigurationPlatforms) = preSolution
		Debug|Any CPU = Debug|Any CPU
		Release|Any CPU = Release|Any CPU
	EndGlobalSection
	GlobalSection(ProjectConfigurationPlatforms) = postSolution
		{64BC1BA8-5D57-4CDE-B957-CA4D29A17610}.Debug|Any CPU.ActiveCfg = Debug|Any CPU
		{64BC1BA8-5D57-4CDE-B957-CA4D29A17610}.Debug|Any CPU.Build.0 = Debug|Any CPU
		{64BC1BA8-5D57-4CDE-B957-CA4D29A17610}.Release|Any CPU.ActiveCfg = Release|Any CPU
		{64BC1BA8-5D57-4CDE-B957-CA4D29A17610}.Release|Any CPU.Build.0 = Release|Any CPU
	EndGlobalSection
	GlobalSection(SolutionProperties) = preSolution
		HideSolutionNode = FALSE
	EndGlobalSection
	GlobalSection(ExtensibilityGlobals) = postSolution
		SolutionGuid = {2D589DC0-F9B6-4489-909F-222A87506183}
	EndGlobalSection
EndGlobal
